// !$*UTF8*$!
{
	archiveVersion = 1;
	classes = {
	};
	objectVersion = 50;
	objects = {

/* Begin PBXBuildFile section */
		521E32C6243D62890043756A /* AppDelegate.swift in Sources */ = {isa = PBXBuildFile; fileRef = 521E32C5243D62890043756A /* AppDelegate.swift */; };
		521E32C8243D62890043756A /* SceneDelegate.swift in Sources */ = {isa = PBXBuildFile; fileRef = 521E32C7243D62890043756A /* SceneDelegate.swift */; };
		521E32CA243D62890043756A /* ViewController.swift in Sources */ = {isa = PBXBuildFile; fileRef = 521E32C9243D62890043756A /* ViewController.swift */; };
		521E32CD243D62890043756A /* Main.storyboard in Resources */ = {isa = PBXBuildFile; fileRef = 521E32CB243D62890043756A /* Main.storyboard */; };
		521E32CF243D62910043756A /* Assets.xcassets in Resources */ = {isa = PBXBuildFile; fileRef = 521E32CE243D62910043756A /* Assets.xcassets */; };
		521E32D2243D62910043756A /* LaunchScreen.storyboard in Resources */ = {isa = PBXBuildFile; fileRef = 521E32D0243D62910043756A /* LaunchScreen.storyboard */; };
		521E32DD243D62920043756A /* RainbowTests.swift in Sources */ = {isa = PBXBuildFile; fileRef = 521E32DC243D62920043756A /* RainbowTests.swift */; };
		521E32E8243D62920043756A /* RainbowUITests.swift in Sources */ = {isa = PBXBuildFile; fileRef = 521E32E7243D62920043756A /* RainbowUITests.swift */; };
/* End PBXBuildFile section */

/* Begin PBXContainerItemProxy section */
		521E32D9243D62920043756A /* PBXContainerItemProxy */ = {
			isa = PBXContainerItemProxy;
			containerPortal = 521E32BA243D62890043756A /* Project object */;
			proxyType = 1;
			remoteGlobalIDString = 521E32C1243D62890043756A;
			remoteInfo = Rainbow;
		};
		521E32E4243D62920043756A /* PBXContainerItemProxy */ = {
			isa = PBXContainerItemProxy;
			containerPortal = 521E32BA243D62890043756A /* Project object */;
			proxyType = 1;
			remoteGlobalIDString = 521E32C1243D62890043756A;
			remoteInfo = Rainbow;
		};
/* End PBXContainerItemProxy section */

/* Begin PBXFileReference section */
		521E32C2243D62890043756A /* Rainbow.app */ = {isa = PBXFileReference; explicitFileType = wrapper.application; includeInIndex = 0; path = Rainbow.app; sourceTree = BUILT_PRODUCTS_DIR; };
		521E32C5243D62890043756A /* AppDelegate.swift */ = {isa = PBXFileReference; lastKnownFileType = sourcecode.swift; path = AppDelegate.swift; sourceTree = "<group>"; };
		521E32C7243D62890043756A /* SceneDelegate.swift */ = {isa = PBXFileReference; lastKnownFileType = sourcecode.swift; path = SceneDelegate.swift; sourceTree = "<group>"; };
		521E32C9243D62890043756A /* ViewController.swift */ = {isa = PBXFileReference; lastKnownFileType = sourcecode.swift; path = ViewController.swift; sourceTree = "<group>"; };
		521E32CC243D62890043756A /* Base */ = {isa = PBXFileReference; lastKnownFileType = file.storyboard; name = Base; path = Base.lproj/Main.storyboard; sourceTree = "<group>"; };
		521E32CE243D62910043756A /* Assets.xcassets */ = {isa = PBXFileReference; lastKnownFileType = folder.assetcatalog; path = Assets.xcassets; sourceTree = "<group>"; };
		521E32D1243D62910043756A /* Base */ = {isa = PBXFileReference; lastKnownFileType = file.storyboard; name = Base; path = Base.lproj/LaunchScreen.storyboard; sourceTree = "<group>"; };
		521E32D3243D62910043756A /* Info.plist */ = {isa = PBXFileReference; lastKnownFileType = text.plist.xml; path = Info.plist; sourceTree = "<group>"; };
		521E32D8243D62920043756A /* RainbowTests.xctest */ = {isa = PBXFileReference; explicitFileType = wrapper.cfbundle; includeInIndex = 0; path = RainbowTests.xctest; sourceTree = BUILT_PRODUCTS_DIR; };
		521E32DC243D62920043756A /* RainbowTests.swift */ = {isa = PBXFileReference; lastKnownFileType = sourcecode.swift; path = RainbowTests.swift; sourceTree = "<group>"; };
		521E32DE243D62920043756A /* Info.plist */ = {isa = PBXFileReference; lastKnownFileType = text.plist.xml; path = Info.plist; sourceTree = "<group>"; };
		521E32E3243D62920043756A /* RainbowUITests.xctest */ = {isa = PBXFileReference; explicitFileType = wrapper.cfbundle; includeInIndex = 0; path = RainbowUITests.xctest; sourceTree = BUILT_PRODUCTS_DIR; };
		521E32E7243D62920043756A /* RainbowUITests.swift */ = {isa = PBXFileReference; lastKnownFileType = sourcecode.swift; path = RainbowUITests.swift; sourceTree = "<group>"; };
		521E32E9243D62920043756A /* Info.plist */ = {isa = PBXFileReference; lastKnownFileType = text.plist.xml; path = Info.plist; sourceTree = "<group>"; };
/* End PBXFileReference section */

/* Begin PBXFrameworksBuildPhase section */
		521E32BF243D62890043756A /* Frameworks */ = {
			isa = PBXFrameworksBuildPhase;
			buildActionMask = 2147483647;
			files = (
			);
			runOnlyForDeploymentPostprocessing = 0;
		};
		521E32D5243D62920043756A /* Frameworks */ = {
			isa = PBXFrameworksBuildPhase;
			buildActionMask = 2147483647;
			files = (
			);
			runOnlyForDeploymentPostprocessing = 0;
		};
		521E32E0243D62920043756A /* Frameworks */ = {
			isa = PBXFrameworksBuildPhase;
			buildActionMask = 2147483647;
			files = (
			);
			runOnlyForDeploymentPostprocessing = 0;
		};
/* End PBXFrameworksBuildPhase section */

/* Begin PBXGroup section */
		521E32B9243D62890043756A = {
			isa = PBXGroup;
			children = (
				521E32C4243D62890043756A /* Rainbow */,
				521E32DB243D62920043756A /* RainbowTests */,
				521E32E6243D62920043756A /* RainbowUITests */,
				521E32C3243D62890043756A /* Products */,
			);
			sourceTree = "<group>";
		};
		521E32C3243D62890043756A /* Products */ = {
			isa = PBXGroup;
			children = (
				521E32C2243D62890043756A /* Rainbow.app */,
				521E32D8243D62920043756A /* RainbowTests.xctest */,
				521E32E3243D62920043756A /* RainbowUITests.xctest */,
			);
			name = Products;
			sourceTree = "<group>";
		};
		521E32C4243D62890043756A /* Rainbow */ = {
			isa = PBXGroup;
			children = (
				521E32C5243D62890043756A /* AppDelegate.swift */,
				521E32C7243D62890043756A /* SceneDelegate.swift */,
				521E32C9243D62890043756A /* ViewController.swift */,
				521E32CB243D62890043756A /* Main.storyboard */,
				521E32CE243D62910043756A /* Assets.xcassets */,
				521E32D0243D62910043756A /* LaunchScreen.storyboard */,
				521E32D3243D62910043756A /* Info.plist */,
			);
			path = Rainbow;
			sourceTree = "<group>";
		};
		521E32DB243D62920043756A /* RainbowTests */ = {
			isa = PBXGroup;
			children = (
				521E32DC243D62920043756A /* RainbowTests.swift */,
				521E32DE243D62920043756A /* Info.plist */,
			);
			path = RainbowTests;
			sourceTree = "<group>";
		};
		521E32E6243D62920043756A /* RainbowUITests */ = {
			isa = PBXGroup;
			children = (
				521E32E7243D62920043756A /* RainbowUITests.swift */,
				521E32E9243D62920043756A /* Info.plist */,
			);
			path = RainbowUITests;
			sourceTree = "<group>";
		};
/* End PBXGroup section */

/* Begin PBXNativeTarget section */
		521E32C1243D62890043756A /* Rainbow */ = {
			isa = PBXNativeTarget;
			buildConfigurationList = 521E32EC243D62920043756A /* Build configuration list for PBXNativeTarget "Rainbow" */;
			buildPhases = (
				521E32BE243D62890043756A /* Sources */,
				521E32BF243D62890043756A /* Frameworks */,
				521E32C0243D62890043756A /* Resources */,
			);
			buildRules = (
			);
			dependencies = (
			);
			name = Rainbow;
			productName = Rainbow;
			productReference = 521E32C2243D62890043756A /* Rainbow.app */;
			productType = "com.apple.product-type.application";
		};
		521E32D7243D62920043756A /* RainbowTests */ = {
			isa = PBXNativeTarget;
			buildConfigurationList = 521E32EF243D62920043756A /* Build configuration list for PBXNativeTarget "RainbowTests" */;
			buildPhases = (
				521E32D4243D62920043756A /* Sources */,
				521E32D5243D62920043756A /* Frameworks */,
				521E32D6243D62920043756A /* Resources */,
			);
			buildRules = (
			);
			dependencies = (
				521E32DA243D62920043756A /* PBXTargetDependency */,
			);
			name = RainbowTests;
			productName = RainbowTests;
			productReference = 521E32D8243D62920043756A /* RainbowTests.xctest */;
			productType = "com.apple.product-type.bundle.unit-test";
		};
		521E32E2243D62920043756A /* RainbowUITests */ = {
			isa = PBXNativeTarget;
			buildConfigurationList = 521E32F2243D62920043756A /* Build configuration list for PBXNativeTarget "RainbowUITests" */;
			buildPhases = (
				521E32DF243D62920043756A /* Sources */,
				521E32E0243D62920043756A /* Frameworks */,
				521E32E1243D62920043756A /* Resources */,
			);
			buildRules = (
			);
			dependencies = (
				521E32E5243D62920043756A /* PBXTargetDependency */,
			);
			name = RainbowUITests;
			productName = RainbowUITests;
			productReference = 521E32E3243D62920043756A /* RainbowUITests.xctest */;
			productType = "com.apple.product-type.bundle.ui-testing";
		};
/* End PBXNativeTarget section */

/* Begin PBXProject section */
		521E32BA243D62890043756A /* Project object */ = {
			isa = PBXProject;
			attributes = {
				LastSwiftUpdateCheck = 1140;
				LastUpgradeCheck = 1140;
				ORGANIZATIONNAME = "Lambda, Inc";
				TargetAttributes = {
					521E32C1243D62890043756A = {
						CreatedOnToolsVersion = 11.4;
					};
					521E32D7243D62920043756A = {
						CreatedOnToolsVersion = 11.4;
						TestTargetID = 521E32C1243D62890043756A;
					};
					521E32E2243D62920043756A = {
						CreatedOnToolsVersion = 11.4;
						TestTargetID = 521E32C1243D62890043756A;
					};
				};
			};
			buildConfigurationList = 521E32BD243D62890043756A /* Build configuration list for PBXProject "Rainbow" */;
			compatibilityVersion = "Xcode 9.3";
			developmentRegion = en;
			hasScannedForEncodings = 0;
			knownRegions = (
				en,
				Base,
			);
			mainGroup = 521E32B9243D62890043756A;
			productRefGroup = 521E32C3243D62890043756A /* Products */;
			projectDirPath = "";
			projectRoot = "";
			targets = (
				521E32C1243D62890043756A /* Rainbow */,
				521E32D7243D62920043756A /* RainbowTests */,
				521E32E2243D62920043756A /* RainbowUITests */,
			);
		};
/* End PBXProject section */

/* Begin PBXResourcesBuildPhase section */
		521E32C0243D62890043756A /* Resources */ = {
			isa = PBXResourcesBuildPhase;
			buildActionMask = 2147483647;
			files = (
				521E32D2243D62910043756A /* LaunchScreen.storyboard in Resources */,
				521E32CF243D62910043756A /* Assets.xcassets in Resources */,
				521E32CD243D62890043756A /* Main.storyboard in Resources */,
			);
			runOnlyForDeploymentPostprocessing = 0;
		};
		521E32D6243D62920043756A /* Resources */ = {
			isa = PBXResourcesBuildPhase;
			buildActionMask = 2147483647;
			files = (
			);
			runOnlyForDeploymentPostprocessing = 0;
		};
		521E32E1243D62920043756A /* Resources */ = {
			isa = PBXResourcesBuildPhase;
			buildActionMask = 2147483647;
			files = (
			);
			runOnlyForDeploymentPostprocessing = 0;
		};
/* End PBXResourcesBuildPhase section */

/* Begin PBXSourcesBuildPhase section */
		521E32BE243D62890043756A /* Sources */ = {
			isa = PBXSourcesBuildPhase;
			buildActionMask = 2147483647;
			files = (
				521E32CA243D62890043756A /* ViewController.swift in Sources */,
				521E32C6243D62890043756A /* AppDelegate.swift in Sources */,
				521E32C8243D62890043756A /* SceneDelegate.swift in Sources */,
			);
			runOnlyForDeploymentPostprocessing = 0;
		};
		521E32D4243D62920043756A /* Sources */ = {
			isa = PBXSourcesBuildPhase;
			buildActionMask = 2147483647;
			files = (
				521E32DD243D62920043756A /* RainbowTests.swift in Sources */,
			);
			runOnlyForDeploymentPostprocessing = 0;
		};
		521E32DF243D62920043756A /* Sources */ = {
			isa = PBXSourcesBuildPhase;
			buildActionMask = 2147483647;
			files = (
				521E32E8243D62920043756A /* RainbowUITests.swift in Sources */,
			);
			runOnlyForDeploymentPostprocessing = 0;
		};
/* End PBXSourcesBuildPhase section */

/* Begin PBXTargetDependency section */
		521E32DA243D62920043756A /* PBXTargetDependency */ = {
			isa = PBXTargetDependency;
			target = 521E32C1243D62890043756A /* Rainbow */;
			targetProxy = 521E32D9243D62920043756A /* PBXContainerItemProxy */;
		};
		521E32E5243D62920043756A /* PBXTargetDependency */ = {
			isa = PBXTargetDependency;
			target = 521E32C1243D62890043756A /* Rainbow */;
			targetProxy = 521E32E4243D62920043756A /* PBXContainerItemProxy */;
		};
/* End PBXTargetDependency section */

/* Begin PBXVariantGroup section */
		521E32CB243D62890043756A /* Main.storyboard */ = {
			isa = PBXVariantGroup;
			children = (
				521E32CC243D62890043756A /* Base */,
			);
			name = Main.storyboard;
			sourceTree = "<group>";
		};
		521E32D0243D62910043756A /* LaunchScreen.storyboard */ = {
			isa = PBXVariantGroup;
			children = (
				521E32D1243D62910043756A /* Base */,
			);
			name = LaunchScreen.storyboard;
			sourceTree = "<group>";
		};
/* End PBXVariantGroup section */

/* Begin XCBuildConfiguration section */
		521E32EA243D62920043756A /* Debug */ = {
			isa = XCBuildConfiguration;
			buildSettings = {
				ALWAYS_SEARCH_USER_PATHS = NO;
				CLANG_ANALYZER_NONNULL = YES;
				CLANG_ANALYZER_NUMBER_OBJECT_CONVERSION = YES_AGGRESSIVE;
				CLANG_CXX_LANGUAGE_STANDARD = "gnu++14";
				CLANG_CXX_LIBRARY = "libc++";
				CLANG_ENABLE_MODULES = YES;
				CLANG_ENABLE_OBJC_ARC = YES;
				CLANG_ENABLE_OBJC_WEAK = YES;
				CLANG_WARN_BLOCK_CAPTURE_AUTORELEASING = YES;
				CLANG_WARN_BOOL_CONVERSION = YES;
				CLANG_WARN_COMMA = YES;
				CLANG_WARN_CONSTANT_CONVERSION = YES;
				CLANG_WARN_DEPRECATED_OBJC_IMPLEMENTATIONS = YES;
				CLANG_WARN_DIRECT_OBJC_ISA_USAGE = YES_ERROR;
				CLANG_WARN_DOCUMENTATION_COMMENTS = YES;
				CLANG_WARN_EMPTY_BODY = YES;
				CLANG_WARN_ENUM_CONVERSION = YES;
				CLANG_WARN_INFINITE_RECURSION = YES;
				CLANG_WARN_INT_CONVERSION = YES;
				CLANG_WARN_NON_LITERAL_NULL_CONVERSION = YES;
				CLANG_WARN_OBJC_IMPLICIT_RETAIN_SELF = YES;
				CLANG_WARN_OBJC_LITERAL_CONVERSION = YES;
				CLANG_WARN_OBJC_ROOT_CLASS = YES_ERROR;
				CLANG_WARN_RANGE_LOOP_ANALYSIS = YES;
				CLANG_WARN_STRICT_PROTOTYPES = YES;
				CLANG_WARN_SUSPICIOUS_MOVE = YES;
				CLANG_WARN_UNGUARDED_AVAILABILITY = YES_AGGRESSIVE;
				CLANG_WARN_UNREACHABLE_CODE = YES;
				CLANG_WARN__DUPLICATE_METHOD_MATCH = YES;
				COPY_PHASE_STRIP = NO;
				DEBUG_INFORMATION_FORMAT = dwarf;
				ENABLE_STRICT_OBJC_MSGSEND = YES;
				ENABLE_TESTABILITY = YES;
				GCC_C_LANGUAGE_STANDARD = gnu11;
				GCC_DYNAMIC_NO_PIC = NO;
				GCC_NO_COMMON_BLOCKS = YES;
				GCC_OPTIMIZATION_LEVEL = 0;
				GCC_PREPROCESSOR_DEFINITIONS = (
					"DEBUG=1",
					"$(inherited)",
				);
				GCC_WARN_64_TO_32_BIT_CONVERSION = YES;
				GCC_WARN_ABOUT_RETURN_TYPE = YES_ERROR;
				GCC_WARN_UNDECLARED_SELECTOR = YES;
				GCC_WARN_UNINITIALIZED_AUTOS = YES_AGGRESSIVE;
				GCC_WARN_UNUSED_FUNCTION = YES;
				GCC_WARN_UNUSED_VARIABLE = YES;
				IPHONEOS_DEPLOYMENT_TARGET = 13.4;
				MTL_ENABLE_DEBUG_INFO = INCLUDE_SOURCE;
				MTL_FAST_MATH = YES;
				ONLY_ACTIVE_ARCH = YES;
				SDKROOT = iphoneos;
				SWIFT_ACTIVE_COMPILATION_CONDITIONS = DEBUG;
				SWIFT_OPTIMIZATION_LEVEL = "-Onone";
			};
			name = Debug;
		};
		521E32EB243D62920043756A /* Release */ = {
			isa = XCBuildConfiguration;
			buildSettings = {
				ALWAYS_SEARCH_USER_PATHS = NO;
				CLANG_ANALYZER_NONNULL = YES;
				CLANG_ANALYZER_NUMBER_OBJECT_CONVERSION = YES_AGGRESSIVE;
				CLANG_CXX_LANGUAGE_STANDARD = "gnu++14";
				CLANG_CXX_LIBRARY = "libc++";
				CLANG_ENABLE_MODULES = YES;
				CLANG_ENABLE_OBJC_ARC = YES;
				CLANG_ENABLE_OBJC_WEAK = YES;
				CLANG_WARN_BLOCK_CAPTURE_AUTORELEASING = YES;
				CLANG_WARN_BOOL_CONVERSION = YES;
				CLANG_WARN_COMMA = YES;
				CLANG_WARN_CONSTANT_CONVERSION = YES;
				CLANG_WARN_DEPRECATED_OBJC_IMPLEMENTATIONS = YES;
				CLANG_WARN_DIRECT_OBJC_ISA_USAGE = YES_ERROR;
				CLANG_WARN_DOCUMENTATION_COMMENTS = YES;
				CLANG_WARN_EMPTY_BODY = YES;
				CLANG_WARN_ENUM_CONVERSION = YES;
				CLANG_WARN_INFINITE_RECURSION = YES;
				CLANG_WARN_INT_CONVERSION = YES;
				CLANG_WARN_NON_LITERAL_NULL_CONVERSION = YES;
				CLANG_WARN_OBJC_IMPLICIT_RETAIN_SELF = YES;
				CLANG_WARN_OBJC_LITERAL_CONVERSION = YES;
				CLANG_WARN_OBJC_ROOT_CLASS = YES_ERROR;
				CLANG_WARN_RANGE_LOOP_ANALYSIS = YES;
				CLANG_WARN_STRICT_PROTOTYPES = YES;
				CLANG_WARN_SUSPICIOUS_MOVE = YES;
				CLANG_WARN_UNGUARDED_AVAILABILITY = YES_AGGRESSIVE;
				CLANG_WARN_UNREACHABLE_CODE = YES;
				CLANG_WARN__DUPLICATE_METHOD_MATCH = YES;
				COPY_PHASE_STRIP = NO;
				DEBUG_INFORMATION_FORMAT = "dwarf-with-dsym";
				ENABLE_NS_ASSERTIONS = NO;
				ENABLE_STRICT_OBJC_MSGSEND = YES;
				GCC_C_LANGUAGE_STANDARD = gnu11;
				GCC_NO_COMMON_BLOCKS = YES;
				GCC_WARN_64_TO_32_BIT_CONVERSION = YES;
				GCC_WARN_ABOUT_RETURN_TYPE = YES_ERROR;
				GCC_WARN_UNDECLARED_SELECTOR = YES;
				GCC_WARN_UNINITIALIZED_AUTOS = YES_AGGRESSIVE;
				GCC_WARN_UNUSED_FUNCTION = YES;
				GCC_WARN_UNUSED_VARIABLE = YES;
				IPHONEOS_DEPLOYMENT_TARGET = 13.4;
				MTL_ENABLE_DEBUG_INFO = NO;
				MTL_FAST_MATH = YES;
				SDKROOT = iphoneos;
				SWIFT_COMPILATION_MODE = wholemodule;
				SWIFT_OPTIMIZATION_LEVEL = "-O";
				VALIDATE_PRODUCT = YES;
			};
			name = Release;
		};
		521E32ED243D62920043756A /* Debug */ = {
			isa = XCBuildConfiguration;
			buildSettings = {
				ASSETCATALOG_COMPILER_APPICON_NAME = AppIcon;
				CODE_SIGN_STYLE = Automatic;
				INFOPLIST_FILE = Rainbow/Info.plist;
				LD_RUNPATH_SEARCH_PATHS = (
					"$(inherited)",
					"@executable_path/Frameworks",
				);
				PRODUCT_BUNDLE_IDENTIFIER = com.hannahBain.Rainbow;
				PRODUCT_NAME = "$(TARGET_NAME)";
				SWIFT_VERSION = 5.0;
				TARGETED_DEVICE_FAMILY = "1,2";
			};
			name = Debug;
		};
		521E32EE243D62920043756A /* Release */ = {
			isa = XCBuildConfiguration;
			buildSettings = {
				ASSETCATALOG_COMPILER_APPICON_NAME = AppIcon;
				CODE_SIGN_STYLE = Automatic;
				INFOPLIST_FILE = Rainbow/Info.plist;
				LD_RUNPATH_SEARCH_PATHS = (
					"$(inherited)",
					"@executable_path/Frameworks",
				);
				PRODUCT_BUNDLE_IDENTIFIER = com.hannahBain.Rainbow;
				PRODUCT_NAME = "$(TARGET_NAME)";
				SWIFT_VERSION = 5.0;
				TARGETED_DEVICE_FAMILY = "1,2";
			};
			name = Release;
		};
		521E32F0243D62920043756A /* Debug */ = {
			isa = XCBuildConfiguration;
			buildSettings = {
				ALWAYS_EMBED_SWIFT_STANDARD_LIBRARIES = YES;
				CODE_SIGN_STYLE = Automatic;
				INFOPLIST_FILE = RainbowTests/Info.plist;
				IPHONEOS_DEPLOYMENT_TARGET = 13.4;
				LD_RUNPATH_SEARCH_PATHS = (
					"$(inherited)",
					"@executable_path/Frameworks",
					"@loader_path/Frameworks",
				);
				PRODUCT_BUNDLE_IDENTIFIER = com.lambda.hannahBain.RainbowTests;
				PRODUCT_NAME = "$(TARGET_NAME)";
				SWIFT_VERSION = 5.0;
				TARGETED_DEVICE_FAMILY = "1,2";
				TEST_HOST = "$(BUILT_PRODUCTS_DIR)/Rainbow.app/Rainbow";
			};
			name = Debug;
		};
		521E32F1243D62920043756A /* Release */ = {
			isa = XCBuildConfiguration;
			buildSettings = {
				ALWAYS_EMBED_SWIFT_STANDARD_LIBRARIES = YES;
				CODE_SIGN_STYLE = Automatic;
				INFOPLIST_FILE = RainbowTests/Info.plist;
				IPHONEOS_DEPLOYMENT_TARGET = 13.4;
				LD_RUNPATH_SEARCH_PATHS = (
					"$(inherited)",
					"@executable_path/Frameworks",
					"@loader_path/Frameworks",
				);
				PRODUCT_BUNDLE_IDENTIFIER = com.lambda.hannahBain.RainbowTests;
				PRODUCT_NAME = "$(TARGET_NAME)";
				SWIFT_VERSION = 5.0;
				TARGETED_DEVICE_FAMILY = "1,2";
				TEST_HOST = "$(BUILT_PRODUCTS_DIR)/Rainbow.app/Rainbow";
			};
			name = Release;
		};
		521E32F3243D62920043756A /* Debug */ = {
			isa = XCBuildConfiguration;
			buildSettings = {
				ALWAYS_EMBED_SWIFT_STANDARD_LIBRARIES = YES;
				CODE_SIGN_STYLE = Automatic;
				INFOPLIST_FILE = RainbowUITests/Info.plist;
				LD_RUNPATH_SEARCH_PATHS = (
					"$(inherited)",
					"@executable_path/Frameworks",
					"@loader_path/Frameworks",
				);
				PRODUCT_BUNDLE_IDENTIFIER = com.lambda.hannahBain.RainbowUITests;
				PRODUCT_NAME = "$(TARGET_NAME)";
				SWIFT_VERSION = 5.0;
				TARGETED_DEVICE_FAMILY = "1,2";
				TEST_TARGET_NAME = Rainbow;
			};
			name = Debug;
		};
		521E32F4243D62920043756A /* Release */ = {
			isa = XCBuildConfiguration;
			buildSettings = {
				ALWAYS_EMBED_SWIFT_STANDARD_LIBRARIES = YES;
				CODE_SIGN_STYLE = Automatic;
				INFOPLIST_FILE = RainbowUITests/Info.plist;
				LD_RUNPATH_SEARCH_PATHS = (
					"$(inherited)",
					"@executable_path/Frameworks",
					"@loader_path/Frameworks",
				);
				PRODUCT_BUNDLE_IDENTIFIER = com.lambda.hannahBain.RainbowUITests;
				PRODUCT_NAME = "$(TARGET_NAME)";
				SWIFT_VERSION = 5.0;
				TARGETED_DEVICE_FAMILY = "1,2";
				TEST_TARGET_NAME = Rainbow;
			};
			name = Release;
		};
/* End XCBuildConfiguration section */

/* Begin XCConfigurationList section */
		521E32BD243D62890043756A /* Build configuration list for PBXProject "Rainbow" */ = {
			isa = XCConfigurationList;
			buildConfigurations = (
				521E32EA243D62920043756A /* Debug */,
				521E32EB243D62920043756A /* Release */,
			);
			defaultConfigurationIsVisible = 0;
			defaultConfigurationName = Release;
		};
		521E32EC243D62920043756A /* Build configuration list for PBXNativeTarget "Rainbow" */ = {
			isa = XCConfigurationList;
			buildConfigurations = (
				521E32ED243D62920043756A /* Debug */,
				521E32EE243D62920043756A /* Release */,
			);
			defaultConfigurationIsVisible = 0;
			defaultConfigurationName = Release;
		};
		521E32EF243D62920043756A /* Build configuration list for PBXNativeTarget "RainbowTests" */ = {
			isa = XCConfigurationList;
			buildConfigurations = (
				521E32F0243D62920043756A /* Debug */,
				521E32F1243D62920043756A /* Release */,
			);
			defaultConfigurationIsVisible = 0;
			defaultConfigurationName = Release;
		};
		521E32F2243D62920043756A /* Build configuration list for PBXNativeTarget "RainbowUITests" */ = {
			isa = XCConfigurationList;
			buildConfigurations = (
				521E32F3243D62920043756A /* Debug */,
				521E32F4243D62920043756A /* Release */,
			);
			defaultConfigurationIsVisible = 0;
			defaultConfigurationName = Release;
		};
/* End XCConfigurationList section */
	};
	rootObject = 521E32BA243D62890043756A /* Project object */;
}
